
Microsoft Visual Studio Solution File, Format Version 12.00
# Visual Studio Version 16
VisualStudioVersion = 16.0.31105.61
MinimumVisualStudioVersion = 10.0.40219.1
Project("{FAE04EC0-301F-11D3-BF4B-00C04F79EFBC}") = "WpfSMSApp", "WpfSMSApp\WpfSMSApp.csproj", "{B5DC779B-C759-4202-8B35-196D5D7AC4F0}"
EndProject
Global
	GlobalSection(SolutionConfigurationPlatforms) = preSolution
		Debug|Any CPU = Debug|Any CPU
		Release|Any CPU = Release|Any CPU
	EndGlobalSection
	GlobalSection(ProjectConfigurationPlatforms) = postSolution
		{B5DC779B-C759-4202-8B35-196D5D7AC4F0}.Debug|Any CPU.ActiveCfg = Debug|Any CPU
		{B5DC779B-C759-4202-8B35-196D5D7AC4F0}.Debug|Any CPU.Build.0 = Debug|Any CPU
		{B5DC779B-C759-4202-8B35-196D5D7AC4F0}.Release|Any CPU.ActiveCfg = Release|Any CPU
		{B5DC779B-C759-4202-8B35-196D5D7AC4F0}.Release|Any CPU.Build.0 = Release|Any CPU
	EndGlobalSection
	GlobalSection(SolutionProperties) = preSolution
		HideSolutionNode = FALSE
	EndGlobalSection
	GlobalSection(ExtensibilityGlobals) = postSolution
		SolutionGuid = {3B075FF1-0DC7-42B1-A2B3-0A4ABDA5BF8E}
	EndGlobalSection
EndGlobal
